
Microsoft Visual Studio Solution File, Format Version 12.00
# Visual Studio 15
VisualStudioVersion = 15.0.26730.10
MinimumVisualStudioVersion = 10.0.40219.1


Project("{9A19103F-16F7-4668-BE54-9A1E7A4F7556}") = "Mech", "Mech\Mech\Mech.csproj", "{5A3C54BE-4F1E-4BDB-83BB-0C01851F946F}"
EndProject

Project("{FAE04EC0-301F-11D3-BF4B-00C04F79EFBC}") = "Mech.iOS", "Mech\Mech.iOS\Mech.iOS.csproj", "{D84D6F01-DE0E-4DEB-B1E7-78A43A69F4E6}"
EndProject

Project("{FAE04EC0-301F-11D3-BF4B-00C04F79EFBC}") = "Mech.Android", "Mech\Mech.Android\Mech.Android.csproj", "{12EE1A82-2209-4B04-8E76-A9B4D3D928CA}"
EndProject



Global
	GlobalSection(SolutionConfigurationPlatforms) = preSolution
		Ad-Hoc|Any CPU = Ad-Hoc|Any CPU
		Ad-Hoc|ARM = Ad-Hoc|ARM
		Ad-Hoc|iPhone = Ad-Hoc|iPhone
		Ad-Hoc|iPhoneSimulator = Ad-Hoc|iPhoneSimulator
		Ad-Hoc|x64 = Ad-Hoc|x64
		Ad-Hoc|x86 = Ad-Hoc|x86
		AppStore|Any CPU = AppStore|Any CPU
		AppStore|ARM = AppStore|ARM
		AppStore|iPhone = AppStore|iPhone
		AppStore|iPhoneSimulator = AppStore|iPhoneSimulator
		AppStore|x64 = AppStore|x64
		AppStore|x86 = AppStore|x86
		Debug|Any CPU = Debug|Any CPU
		Debug|ARM = Debug|ARM
		Debug|iPhone = Debug|iPhone
		Debug|iPhoneSimulator = Debug|iPhoneSimulator
		Debug|x64 = Debug|x64
		Debug|x86 = Debug|x86
		Release|Any CPU = Release|Any CPU
		Release|ARM = Release|ARM
		Release|iPhone = Release|iPhone
		Release|iPhoneSimulator = Release|iPhoneSimulator
		Release|x64 = Release|x64
		Release|x86 = Release|x86
	EndGlobalSection
	GlobalSection(ProjectConfigurationPlatforms) = postSolution
		{5A3C54BE-4F1E-4BDB-83BB-0C01851F946F}.Ad-Hoc|Any CPU.ActiveCfg = Debug|Any CPU
		{5A3C54BE-4F1E-4BDB-83BB-0C01851F946F}.Ad-Hoc|Any CPU.Build.0 = Debug|Any CPU
		{5A3C54BE-4F1E-4BDB-83BB-0C01851F946F}.Ad-Hoc|ARM.ActiveCfg = Debug|Any CPU
		{5A3C54BE-4F1E-4BDB-83BB-0C01851F946F}.Ad-Hoc|ARM.Build.0 = Debug|Any CPU
		{5A3C54BE-4F1E-4BDB-83BB-0C01851F946F}.Ad-Hoc|iPhone.ActiveCfg = Debug|Any CPU
		{5A3C54BE-4F1E-4BDB-83BB-0C01851F946F}.Ad-Hoc|iPhone.Build.0 = Debug|Any CPU
		{5A3C54BE-4F1E-4BDB-83BB-0C01851F946F}.Ad-Hoc|iPhoneSimulator.ActiveCfg = Debug|Any CPU
		{5A3C54BE-4F1E-4BDB-83BB-0C01851F946F}.Ad-Hoc|iPhoneSimulator.Build.0 = Debug|Any CPU
		{5A3C54BE-4F1E-4BDB-83BB-0C01851F946F}.Ad-Hoc|x64.ActiveCfg = Debug|Any CPU
		{5A3C54BE-4F1E-4BDB-83BB-0C01851F946F}.Ad-Hoc|x64.Build.0 = Debug|Any CPU
		{5A3C54BE-4F1E-4BDB-83BB-0C01851F946F}.Ad-Hoc|x86.ActiveCfg = Debug|Any CPU
		{5A3C54BE-4F1E-4BDB-83BB-0C01851F946F}.Ad-Hoc|x86.Build.0 = Debug|Any CPU
		{5A3C54BE-4F1E-4BDB-83BB-0C01851F946F}.AppStore|Any CPU.ActiveCfg = Debug|Any CPU
		{5A3C54BE-4F1E-4BDB-83BB-0C01851F946F}.AppStore|Any CPU.Build.0 = Debug|Any CPU
		{5A3C54BE-4F1E-4BDB-83BB-0C01851F946F}.AppStore|ARM.ActiveCfg = Debug|Any CPU
		{5A3C54BE-4F1E-4BDB-83BB-0C01851F946F}.AppStore|ARM.Build.0 = Debug|Any CPU
		{5A3C54BE-4F1E-4BDB-83BB-0C01851F946F}.AppStore|iPhone.ActiveCfg = Debug|Any CPU
		{5A3C54BE-4F1E-4BDB-83BB-0C01851F946F}.AppStore|iPhone.Build.0 = Debug|Any CPU
		{5A3C54BE-4F1E-4BDB-83BB-0C01851F946F}.AppStore|iPhoneSimulator.ActiveCfg = Debug|Any CPU
		{5A3C54BE-4F1E-4BDB-83BB-0C01851F946F}.AppStore|iPhoneSimulator.Build.0 = Debug|Any CPU
		{5A3C54BE-4F1E-4BDB-83BB-0C01851F946F}.AppStore|x64.ActiveCfg = Debug|Any CPU
		{5A3C54BE-4F1E-4BDB-83BB-0C01851F946F}.AppStore|x64.Build.0 = Debug|Any CPU
		{5A3C54BE-4F1E-4BDB-83BB-0C01851F946F}.AppStore|x86.ActiveCfg = Debug|Any CPU
		{5A3C54BE-4F1E-4BDB-83BB-0C01851F946F}.AppStore|x86.Build.0 = Debug|Any CPU
		{5A3C54BE-4F1E-4BDB-83BB-0C01851F946F}.Debug|Any CPU.ActiveCfg = Debug|Any CPU
		{5A3C54BE-4F1E-4BDB-83BB-0C01851F946F}.Debug|Any CPU.Build.0 = Debug|Any CPU
		{5A3C54BE-4F1E-4BDB-83BB-0C01851F946F}.Debug|ARM.ActiveCfg = Debug|Any CPU
		{5A3C54BE-4F1E-4BDB-83BB-0C01851F946F}.Debug|ARM.Build.0 = Debug|Any CPU
		{5A3C54BE-4F1E-4BDB-83BB-0C01851F946F}.Debug|iPhone.ActiveCfg = Debug|Any CPU
		{5A3C54BE-4F1E-4BDB-83BB-0C01851F946F}.Debug|iPhone.Build.0 = Debug|Any CPU
		{5A3C54BE-4F1E-4BDB-83BB-0C01851F946F}.Debug|iPhoneSimulator.ActiveCfg = Debug|Any CPU
		{5A3C54BE-4F1E-4BDB-83BB-0C01851F946F}.Debug|iPhoneSimulator.Build.0 = Debug|Any CPU
		{5A3C54BE-4F1E-4BDB-83BB-0C01851F946F}.Debug|x64.ActiveCfg = Debug|Any CPU
		{5A3C54BE-4F1E-4BDB-83BB-0C01851F946F}.Debug|x64.Build.0 = Debug|Any CPU
		{5A3C54BE-4F1E-4BDB-83BB-0C01851F946F}.Debug|x86.ActiveCfg = Debug|Any CPU
		{5A3C54BE-4F1E-4BDB-83BB-0C01851F946F}.Debug|x86.Build.0 = Debug|Any CPU
		{5A3C54BE-4F1E-4BDB-83BB-0C01851F946F}.Release|Any CPU.ActiveCfg = Release|Any CPU
		{5A3C54BE-4F1E-4BDB-83BB-0C01851F946F}.Release|Any CPU.Build.0 = Release|Any CPU
		{5A3C54BE-4F1E-4BDB-83BB-0C01851F946F}.Release|ARM.ActiveCfg = Release|Any CPU
		{5A3C54BE-4F1E-4BDB-83BB-0C01851F946F}.Release|ARM.Build.0 = Release|Any CPU
		{5A3C54BE-4F1E-4BDB-83BB-0C01851F946F}.Release|iPhone.ActiveCfg = Release|Any CPU
		{5A3C54BE-4F1E-4BDB-83BB-0C01851F946F}.Release|iPhone.Build.0 = Release|Any CPU
		{5A3C54BE-4F1E-4BDB-83BB-0C01851F946F}.Release|iPhoneSimulator.ActiveCfg = Release|Any CPU
		{5A3C54BE-4F1E-4BDB-83BB-0C01851F946F}.Release|iPhoneSimulator.Build.0 = Release|Any CPU
		{5A3C54BE-4F1E-4BDB-83BB-0C01851F946F}.Release|x64.ActiveCfg = Release|Any CPU
		{5A3C54BE-4F1E-4BDB-83BB-0C01851F946F}.Release|x64.Build.0 = Release|Any CPU
		{5A3C54BE-4F1E-4BDB-83BB-0C01851F946F}.Release|x86.ActiveCfg = Release|Any CPU
		{5A3C54BE-4F1E-4BDB-83BB-0C01851F946F}.Release|x86.Build.0 = Release|Any CPU
		{D84D6F01-DE0E-4DEB-B1E7-78A43A69F4E6}.Ad-Hoc|Any CPU.ActiveCfg = Ad-Hoc|iPhone
		{D84D6F01-DE0E-4DEB-B1E7-78A43A69F4E6}.Ad-Hoc|ARM.ActiveCfg = Ad-Hoc|iPhone
		{D84D6F01-DE0E-4DEB-B1E7-78A43A69F4E6}.Ad-Hoc|iPhone.ActiveCfg = Ad-Hoc|iPhone
		{D84D6F01-DE0E-4DEB-B1E7-78A43A69F4E6}.Ad-Hoc|iPhone.Build.0 = Ad-Hoc|iPhone
		{D84D6F01-DE0E-4DEB-B1E7-78A43A69F4E6}.Ad-Hoc|iPhoneSimulator.ActiveCfg = Ad-Hoc|iPhoneSimulator
		{D84D6F01-DE0E-4DEB-B1E7-78A43A69F4E6}.Ad-Hoc|iPhoneSimulator.Build.0 = Ad-Hoc|iPhoneSimulator
		{D84D6F01-DE0E-4DEB-B1E7-78A43A69F4E6}.Ad-Hoc|x64.ActiveCfg = Ad-Hoc|iPhone
		{D84D6F01-DE0E-4DEB-B1E7-78A43A69F4E6}.Ad-Hoc|x86.ActiveCfg = Ad-Hoc|iPhone
		{D84D6F01-DE0E-4DEB-B1E7-78A43A69F4E6}.AppStore|Any CPU.ActiveCfg = AppStore|iPhone
		{D84D6F01-DE0E-4DEB-B1E7-78A43A69F4E6}.AppStore|ARM.ActiveCfg = AppStore|iPhone
		{D84D6F01-DE0E-4DEB-B1E7-78A43A69F4E6}.AppStore|iPhone.ActiveCfg = AppStore|iPhone
		{D84D6F01-DE0E-4DEB-B1E7-78A43A69F4E6}.AppStore|iPhone.Build.0 = AppStore|iPhone
		{D84D6F01-DE0E-4DEB-B1E7-78A43A69F4E6}.AppStore|iPhoneSimulator.ActiveCfg = AppStore|iPhoneSimulator
		{D84D6F01-DE0E-4DEB-B1E7-78A43A69F4E6}.AppStore|iPhoneSimulator.Build.0 = AppStore|iPhoneSimulator
		{D84D6F01-DE0E-4DEB-B1E7-78A43A69F4E6}.AppStore|x64.ActiveCfg = AppStore|iPhone
		{D84D6F01-DE0E-4DEB-B1E7-78A43A69F4E6}.AppStore|x86.ActiveCfg = AppStore|iPhone
		{D84D6F01-DE0E-4DEB-B1E7-78A43A69F4E6}.Debug|Any CPU.ActiveCfg = Debug|iPhone
		{D84D6F01-DE0E-4DEB-B1E7-78A43A69F4E6}.Debug|ARM.ActiveCfg = Debug|iPhone
		{D84D6F01-DE0E-4DEB-B1E7-78A43A69F4E6}.Debug|iPhone.ActiveCfg = Debug|iPhone
		{D84D6F01-DE0E-4DEB-B1E7-78A43A69F4E6}.Debug|iPhone.Build.0 = Debug|iPhone
		{D84D6F01-DE0E-4DEB-B1E7-78A43A69F4E6}.Debug|iPhoneSimulator.ActiveCfg = Debug|iPhoneSimulator
		{D84D6F01-DE0E-4DEB-B1E7-78A43A69F4E6}.Debug|iPhoneSimulator.Build.0 = Debug|iPhoneSimulator
		{D84D6F01-DE0E-4DEB-B1E7-78A43A69F4E6}.Debug|x64.ActiveCfg = Debug|iPhone
		{D84D6F01-DE0E-4DEB-B1E7-78A43A69F4E6}.Debug|x86.ActiveCfg = Debug|iPhone
		{D84D6F01-DE0E-4DEB-B1E7-78A43A69F4E6}.Release|Any CPU.ActiveCfg = Release|iPhone
		{D84D6F01-DE0E-4DEB-B1E7-78A43A69F4E6}.Release|ARM.ActiveCfg = Release|iPhone
		{D84D6F01-DE0E-4DEB-B1E7-78A43A69F4E6}.Release|iPhone.ActiveCfg = Release|iPhone
		{D84D6F01-DE0E-4DEB-B1E7-78A43A69F4E6}.Release|iPhone.Build.0 = Release|iPhone
		{D84D6F01-DE0E-4DEB-B1E7-78A43A69F4E6}.Release|iPhoneSimulator.ActiveCfg = Release|iPhoneSimulator
		{D84D6F01-DE0E-4DEB-B1E7-78A43A69F4E6}.Release|iPhoneSimulator.Build.0 = Release|iPhoneSimulator
		{D84D6F01-DE0E-4DEB-B1E7-78A43A69F4E6}.Release|x64.ActiveCfg = Release|iPhone
		{D84D6F01-DE0E-4DEB-B1E7-78A43A69F4E6}.Release|x86.ActiveCfg = Release|iPhone
		{12EE1A82-2209-4B04-8E76-A9B4D3D928CA}.Ad-Hoc|Any CPU.ActiveCfg = Release|Any CPU
		{12EE1A82-2209-4B04-8E76-A9B4D3D928CA}.Ad-Hoc|Any CPU.Build.0 = Release|Any CPU
		{12EE1A82-2209-4B04-8E76-A9B4D3D928CA}.Ad-Hoc|Any CPU.Deploy.0 = Release|Any CPU
		{12EE1A82-2209-4B04-8E76-A9B4D3D928CA}.Ad-Hoc|ARM.ActiveCfg = Release|Any CPU
		{12EE1A82-2209-4B04-8E76-A9B4D3D928CA}.Ad-Hoc|ARM.Build.0 = Release|Any CPU
		{12EE1A82-2209-4B04-8E76-A9B4D3D928CA}.Ad-Hoc|ARM.Deploy.0 = Release|Any CPU
		{12EE1A82-2209-4B04-8E76-A9B4D3D928CA}.Ad-Hoc|iPhone.ActiveCfg = Release|Any CPU
		{12EE1A82-2209-4B04-8E76-A9B4D3D928CA}.Ad-Hoc|iPhone.Build.0 = Release|Any CPU
		{12EE1A82-2209-4B04-8E76-A9B4D3D928CA}.Ad-Hoc|iPhone.Deploy.0 = Release|Any CPU
		{12EE1A82-2209-4B04-8E76-A9B4D3D928CA}.Ad-Hoc|iPhoneSimulator.ActiveCfg = Release|Any CPU
		{12EE1A82-2209-4B04-8E76-A9B4D3D928CA}.Ad-Hoc|iPhoneSimulator.Build.0 = Release|Any CPU
		{12EE1A82-2209-4B04-8E76-A9B4D3D928CA}.Ad-Hoc|iPhoneSimulator.Deploy.0 = Release|Any CPU
		{12EE1A82-2209-4B04-8E76-A9B4D3D928CA}.Ad-Hoc|x64.ActiveCfg = Release|Any CPU
		{12EE1A82-2209-4B04-8E76-A9B4D3D928CA}.Ad-Hoc|x64.Build.0 = Release|Any CPU
		{12EE1A82-2209-4B04-8E76-A9B4D3D928CA}.Ad-Hoc|x64.Deploy.0 = Release|Any CPU
		{12EE1A82-2209-4B04-8E76-A9B4D3D928CA}.Ad-Hoc|x86.ActiveCfg = Release|Any CPU
		{12EE1A82-2209-4B04-8E76-A9B4D3D928CA}.Ad-Hoc|x86.Build.0 = Release|Any CPU
		{12EE1A82-2209-4B04-8E76-A9B4D3D928CA}.Ad-Hoc|x86.Deploy.0 = Release|Any CPU
		{12EE1A82-2209-4B04-8E76-A9B4D3D928CA}.AppStore|Any CPU.ActiveCfg = Release|Any CPU
		{12EE1A82-2209-4B04-8E76-A9B4D3D928CA}.AppStore|Any CPU.Build.0 = Release|Any CPU
		{12EE1A82-2209-4B04-8E76-A9B4D3D928CA}.AppStore|Any CPU.Deploy.0 = Release|Any CPU
		{12EE1A82-2209-4B04-8E76-A9B4D3D928CA}.AppStore|ARM.ActiveCfg = Release|Any CPU
		{12EE1A82-2209-4B04-8E76-A9B4D3D928CA}.AppStore|ARM.Build.0 = Release|Any CPU
		{12EE1A82-2209-4B04-8E76-A9B4D3D928CA}.AppStore|ARM.Deploy.0 = Release|Any CPU
		{12EE1A82-2209-4B04-8E76-A9B4D3D928CA}.AppStore|iPhone.ActiveCfg = Release|Any CPU
		{12EE1A82-2209-4B04-8E76-A9B4D3D928CA}.AppStore|iPhone.Build.0 = Release|Any CPU
		{12EE1A82-2209-4B04-8E76-A9B4D3D928CA}.AppStore|iPhone.Deploy.0 = Release|Any CPU
		{12EE1A82-2209-4B04-8E76-A9B4D3D928CA}.AppStore|iPhoneSimulator.ActiveCfg = Release|Any CPU
		{12EE1A82-2209-4B04-8E76-A9B4D3D928CA}.AppStore|iPhoneSimulator.Build.0 = Release|Any CPU
		{12EE1A82-2209-4B04-8E76-A9B4D3D928CA}.AppStore|iPhoneSimulator.Deploy.0 = Release|Any CPU
		{12EE1A82-2209-4B04-8E76-A9B4D3D928CA}.AppStore|x64.ActiveCfg = Release|Any CPU
		{12EE1A82-2209-4B04-8E76-A9B4D3D928CA}.AppStore|x64.Build.0 = Release|Any CPU
		{12EE1A82-2209-4B04-8E76-A9B4D3D928CA}.AppStore|x64.Deploy.0 = Release|Any CPU
		{12EE1A82-2209-4B04-8E76-A9B4D3D928CA}.AppStore|x86.ActiveCfg = Release|Any CPU
		{12EE1A82-2209-4B04-8E76-A9B4D3D928CA}.AppStore|x86.Build.0 = Release|Any CPU
		{12EE1A82-2209-4B04-8E76-A9B4D3D928CA}.AppStore|x86.Deploy.0 = Release|Any CPU
		{12EE1A82-2209-4B04-8E76-A9B4D3D928CA}.Debug|Any CPU.ActiveCfg = Debug|Any CPU
		{12EE1A82-2209-4B04-8E76-A9B4D3D928CA}.Debug|Any CPU.Build.0 = Debug|Any CPU
		{12EE1A82-2209-4B04-8E76-A9B4D3D928CA}.Debug|Any CPU.Deploy.0 = Debug|Any CPU
		{12EE1A82-2209-4B04-8E76-A9B4D3D928CA}.Debug|ARM.ActiveCfg = Debug|Any CPU
		{12EE1A82-2209-4B04-8E76-A9B4D3D928CA}.Debug|ARM.Build.0 = Debug|Any CPU
		{12EE1A82-2209-4B04-8E76-A9B4D3D928CA}.Debug|ARM.Deploy.0 = Debug|Any CPU
		{12EE1A82-2209-4B04-8E76-A9B4D3D928CA}.Debug|iPhone.ActiveCfg = Debug|Any CPU
		{12EE1A82-2209-4B04-8E76-A9B4D3D928CA}.Debug|iPhone.Build.0 = Debug|Any CPU
		{12EE1A82-2209-4B04-8E76-A9B4D3D928CA}.Debug|iPhone.Deploy.0 = Debug|Any CPU
		{12EE1A82-2209-4B04-8E76-A9B4D3D928CA}.Debug|iPhoneSimulator.ActiveCfg = Debug|Any CPU
		{12EE1A82-2209-4B04-8E76-A9B4D3D928CA}.Debug|iPhoneSimulator.Build.0 = Debug|Any CPU
		{12EE1A82-2209-4B04-8E76-A9B4D3D928CA}.Debug|iPhoneSimulator.Deploy.0 = Debug|Any CPU
		{12EE1A82-2209-4B04-8E76-A9B4D3D928CA}.Debug|x64.ActiveCfg = Debug|Any CPU
		{12EE1A82-2209-4B04-8E76-A9B4D3D928CA}.Debug|x64.Build.0 = Debug|Any CPU
		{12EE1A82-2209-4B04-8E76-A9B4D3D928CA}.Debug|x64.Deploy.0 = Debug|Any CPU
		{12EE1A82-2209-4B04-8E76-A9B4D3D928CA}.Debug|x86.ActiveCfg = Debug|Any CPU
		{12EE1A82-2209-4B04-8E76-A9B4D3D928CA}.Debug|x86.Build.0 = Debug|Any CPU
		{12EE1A82-2209-4B04-8E76-A9B4D3D928CA}.Debug|x86.Deploy.0 = Debug|Any CPU
		{12EE1A82-2209-4B04-8E76-A9B4D3D928CA}.Release|Any CPU.ActiveCfg = Release|Any CPU
		{12EE1A82-2209-4B04-8E76-A9B4D3D928CA}.Release|Any CPU.Build.0 = Release|Any CPU
		{12EE1A82-2209-4B04-8E76-A9B4D3D928CA}.Release|Any CPU.Deploy.0 = Release|Any CPU
		{12EE1A82-2209-4B04-8E76-A9B4D3D928CA}.Release|ARM.ActiveCfg = Release|Any CPU
		{12EE1A82-2209-4B04-8E76-A9B4D3D928CA}.Release|ARM.Build.0 = Release|Any CPU
		{12EE1A82-2209-4B04-8E76-A9B4D3D928CA}.Release|ARM.Deploy.0 = Release|Any CPU
		{12EE1A82-2209-4B04-8E76-A9B4D3D928CA}.Release|iPhone.ActiveCfg = Release|Any CPU
		{12EE1A82-2209-4B04-8E76-A9B4D3D928CA}.Release|iPhone.Build.0 = Release|Any CPU
		{12EE1A82-2209-4B04-8E76-A9B4D3D928CA}.Release|iPhone.Deploy.0 = Release|Any CPU
		{12EE1A82-2209-4B04-8E76-A9B4D3D928CA}.Release|iPhoneSimulator.ActiveCfg = Release|Any CPU
		{12EE1A82-2209-4B04-8E76-A9B4D3D928CA}.Release|iPhoneSimulator.Build.0 = Release|Any CPU
		{12EE1A82-2209-4B04-8E76-A9B4D3D928CA}.Release|iPhoneSimulator.Deploy.0 = Release|Any CPU
		{12EE1A82-2209-4B04-8E76-A9B4D3D928CA}.Release|x64.ActiveCfg = Release|Any CPU
		{12EE1A82-2209-4B04-8E76-A9B4D3D928CA}.Release|x64.Build.0 = Release|Any CPU
		{12EE1A82-2209-4B04-8E76-A9B4D3D928CA}.Release|x64.Deploy.0 = Release|Any CPU
		{12EE1A82-2209-4B04-8E76-A9B4D3D928CA}.Release|x86.ActiveCfg = Release|Any CPU
		{12EE1A82-2209-4B04-8E76-A9B4D3D928CA}.Release|x86.Build.0 = Release|Any CPU
		{12EE1A82-2209-4B04-8E76-A9B4D3D928CA}.Release|x86.Deploy.0 = Release|Any CPU
		{EBD1E9C4-DB4A-454D-9A5D-88DD131D8D5D}.Ad-Hoc|Any CPU.ActiveCfg = Release|x86
		{EBD1E9C4-DB4A-454D-9A5D-88DD131D8D5D}.Ad-Hoc|Any CPU.Build.0 = Release|x86
		{EBD1E9C4-DB4A-454D-9A5D-88DD131D8D5D}.Ad-Hoc|Any CPU.Deploy.0 = Release|x86
		{EBD1E9C4-DB4A-454D-9A5D-88DD131D8D5D}.Ad-Hoc|ARM.ActiveCfg = Release|ARM
		{EBD1E9C4-DB4A-454D-9A5D-88DD131D8D5D}.Ad-Hoc|ARM.Build.0 = Release|ARM
		{EBD1E9C4-DB4A-454D-9A5D-88DD131D8D5D}.Ad-Hoc|ARM.Deploy.0 = Release|ARM
		{EBD1E9C4-DB4A-454D-9A5D-88DD131D8D5D}.Ad-Hoc|iPhone.ActiveCfg = Release|x86
		{EBD1E9C4-DB4A-454D-9A5D-88DD131D8D5D}.Ad-Hoc|iPhone.Build.0 = Release|x86
		{EBD1E9C4-DB4A-454D-9A5D-88DD131D8D5D}.Ad-Hoc|iPhone.Deploy.0 = Release|x86
		{EBD1E9C4-DB4A-454D-9A5D-88DD131D8D5D}.Ad-Hoc|iPhoneSimulator.ActiveCfg = Release|x86
		{EBD1E9C4-DB4A-454D-9A5D-88DD131D8D5D}.Ad-Hoc|iPhoneSimulator.Build.0 = Release|x86
		{EBD1E9C4-DB4A-454D-9A5D-88DD131D8D5D}.Ad-Hoc|iPhoneSimulator.Deploy.0 = Release|x86
		{EBD1E9C4-DB4A-454D-9A5D-88DD131D8D5D}.Ad-Hoc|x64.ActiveCfg = Release|x64
		{EBD1E9C4-DB4A-454D-9A5D-88DD131D8D5D}.Ad-Hoc|x64.Build.0 = Release|x64
		{EBD1E9C4-DB4A-454D-9A5D-88DD131D8D5D}.Ad-Hoc|x64.Deploy.0 = Release|x64
		{EBD1E9C4-DB4A-454D-9A5D-88DD131D8D5D}.Ad-Hoc|x86.ActiveCfg = Release|x86
		{EBD1E9C4-DB4A-454D-9A5D-88DD131D8D5D}.Ad-Hoc|x86.Build.0 = Release|x86
		{EBD1E9C4-DB4A-454D-9A5D-88DD131D8D5D}.Ad-Hoc|x86.Deploy.0 = Release|x86
		{EBD1E9C4-DB4A-454D-9A5D-88DD131D8D5D}.AppStore|Any CPU.ActiveCfg = Release|x86
		{EBD1E9C4-DB4A-454D-9A5D-88DD131D8D5D}.AppStore|Any CPU.Build.0 = Release|x86
		{EBD1E9C4-DB4A-454D-9A5D-88DD131D8D5D}.AppStore|Any CPU.Deploy.0 = Release|x86
		{EBD1E9C4-DB4A-454D-9A5D-88DD131D8D5D}.AppStore|ARM.ActiveCfg = Release|ARM
		{EBD1E9C4-DB4A-454D-9A5D-88DD131D8D5D}.AppStore|ARM.Build.0 = Release|ARM
		{EBD1E9C4-DB4A-454D-9A5D-88DD131D8D5D}.AppStore|ARM.Deploy.0 = Release|ARM
		{EBD1E9C4-DB4A-454D-9A5D-88DD131D8D5D}.AppStore|iPhone.ActiveCfg = Release|x86
		{EBD1E9C4-DB4A-454D-9A5D-88DD131D8D5D}.AppStore|iPhone.Build.0 = Release|x86
		{EBD1E9C4-DB4A-454D-9A5D-88DD131D8D5D}.AppStore|iPhone.Deploy.0 = Release|x86
		{EBD1E9C4-DB4A-454D-9A5D-88DD131D8D5D}.AppStore|iPhoneSimulator.ActiveCfg = Release|x86
		{EBD1E9C4-DB4A-454D-9A5D-88DD131D8D5D}.AppStore|iPhoneSimulator.Build.0 = Release|x86
		{EBD1E9C4-DB4A-454D-9A5D-88DD131D8D5D}.AppStore|iPhoneSimulator.Deploy.0 = Release|x86
		{EBD1E9C4-DB4A-454D-9A5D-88DD131D8D5D}.AppStore|x64.ActiveCfg = Release|x64
		{EBD1E9C4-DB4A-454D-9A5D-88DD131D8D5D}.AppStore|x64.Build.0 = Release|x64
		{EBD1E9C4-DB4A-454D-9A5D-88DD131D8D5D}.AppStore|x64.Deploy.0 = Release|x64
		{EBD1E9C4-DB4A-454D-9A5D-88DD131D8D5D}.AppStore|x86.ActiveCfg = Release|x86
		{EBD1E9C4-DB4A-454D-9A5D-88DD131D8D5D}.AppStore|x86.Build.0 = Release|x86
		{EBD1E9C4-DB4A-454D-9A5D-88DD131D8D5D}.AppStore|x86.Deploy.0 = Release|x86
		{EBD1E9C4-DB4A-454D-9A5D-88DD131D8D5D}.Debug|Any CPU.ActiveCfg = Debug|x86
		{EBD1E9C4-DB4A-454D-9A5D-88DD131D8D5D}.Debug|ARM.ActiveCfg = Debug|ARM
		{EBD1E9C4-DB4A-454D-9A5D-88DD131D8D5D}.Debug|ARM.Build.0 = Debug|ARM
		{EBD1E9C4-DB4A-454D-9A5D-88DD131D8D5D}.Debug|ARM.Deploy.0 = Debug|ARM
		{EBD1E9C4-DB4A-454D-9A5D-88DD131D8D5D}.Debug|iPhone.ActiveCfg = Debug|x86
		{EBD1E9C4-DB4A-454D-9A5D-88DD131D8D5D}.Debug|iPhoneSimulator.ActiveCfg = Debug|x86
		{EBD1E9C4-DB4A-454D-9A5D-88DD131D8D5D}.Debug|x64.ActiveCfg = Debug|x64
		{EBD1E9C4-DB4A-454D-9A5D-88DD131D8D5D}.Debug|x64.Build.0 = Debug|x64
		{EBD1E9C4-DB4A-454D-9A5D-88DD131D8D5D}.Debug|x64.Deploy.0 = Debug|x64
		{EBD1E9C4-DB4A-454D-9A5D-88DD131D8D5D}.Debug|x86.ActiveCfg = Debug|x86
		{EBD1E9C4-DB4A-454D-9A5D-88DD131D8D5D}.Debug|x86.Build.0 = Debug|x86
		{EBD1E9C4-DB4A-454D-9A5D-88DD131D8D5D}.Debug|x86.Deploy.0 = Debug|x86
		{EBD1E9C4-DB4A-454D-9A5D-88DD131D8D5D}.Release|Any CPU.ActiveCfg = Release|x86
		{EBD1E9C4-DB4A-454D-9A5D-88DD131D8D5D}.Release|ARM.ActiveCfg = Release|ARM
		{EBD1E9C4-DB4A-454D-9A5D-88DD131D8D5D}.Release|ARM.Build.0 = Release|ARM
		{EBD1E9C4-DB4A-454D-9A5D-88DD131D8D5D}.Release|ARM.Deploy.0 = Release|ARM
		{EBD1E9C4-DB4A-454D-9A5D-88DD131D8D5D}.Release|iPhone.ActiveCfg = Release|x86
		{EBD1E9C4-DB4A-454D-9A5D-88DD131D8D5D}.Release|iPhoneSimulator.ActiveCfg = Release|x86
		{EBD1E9C4-DB4A-454D-9A5D-88DD131D8D5D}.Release|x64.ActiveCfg = Release|x64
		{EBD1E9C4-DB4A-454D-9A5D-88DD131D8D5D}.Release|x64.Build.0 = Release|x64
		{EBD1E9C4-DB4A-454D-9A5D-88DD131D8D5D}.Release|x64.Deploy.0 = Release|x64
		{EBD1E9C4-DB4A-454D-9A5D-88DD131D8D5D}.Release|x86.ActiveCfg = Release|x86
		{EBD1E9C4-DB4A-454D-9A5D-88DD131D8D5D}.Release|x86.Build.0 = Release|x86
		{EBD1E9C4-DB4A-454D-9A5D-88DD131D8D5D}.Release|x86.Deploy.0 = Release|x86
	EndGlobalSection
	GlobalSection(SolutionProperties) = preSolution
		HideSolutionNode = FALSE
	EndGlobalSection
	GlobalSection(ExtensibilityGlobals) = postSolution
		SolutionGuid = {F6D05029-56B8-4E45-AF2D-0E76295DDBA2}
	EndGlobalSection
EndGlobal
